{
  "lockfile_version": "1",
  "packages": {
    "glibcLocales@latest": {
      "last_modified": "2025-02-07T11:26:36Z",
      "resolved": "github:NixOS/nixpkgs/d98abf5cf5914e5e4e9d57205e3af55ca90ffc1d#glibcLocales",
      "source": "devbox-search",
      "version": "2.40-66",
      "systems": {
        "aarch64-linux": {
          "outputs": [
            {
              "name": "out",
              "path": "/nix/store/msl6h7i0mgzayw4icb58hccfkh9672bl-glibc-locales-2.40-66",
              "default": true
            }
          ],
          "store_path": "/nix/store/msl6h7i0mgzayw4icb58hccfkh9672bl-glibc-locales-2.40-66"
        },
        "x86_64-linux": {
          "outputs": [
            {
              "name": "out",
              "path": "/nix/store/p1fn0y9zbq7fng8cn49cvinqqh47slax-glibc-locales-2.40-66",
              "default": true
            }
          ],
          "store_path": "/nix/store/p1fn0y9zbq7fng8cn49cvinqqh47slax-glibc-locales-2.40-66"
        }
      }
    },
    "gnumake@latest": {
      "last_modified": "2025-02-13T13:03:05Z",
      "resolved": "github:NixOS/nixpkgs/1128e89fd5e11bb25aedbfc287733c6502202ea9#gnumake",
      "source": "devbox-search",
      "version": "4.4.1",
      "systems": {
        "aarch64-darwin": {
          "outputs": [
            {
              "name": "out",
              "path": "/nix/store/sbi3qw92i2lmm50agfl6hyys4ns5p1cb-gnumake-4.4.1",
              "default": true
            },
            {
              "name": "man",
              "path": "/nix/store/wy7f1yyfq701271vnrr2f5kzbq14ldwb-gnumake-4.4.1-man",
              "default": true
            },
            {
              "name": "info",
              "path": "/nix/store/hawnsgjd9lxxdwgbs3vmqf0074kdzzwg-gnumake-4.4.1-info"
            }
          ],
          "store_path": "/nix/store/sbi3qw92i2lmm50agfl6hyys4ns5p1cb-gnumake-4.4.1"
        },
        "aarch64-linux": {
          "outputs": [
            {
              "name": "out",
              "path": "/nix/store/m2kxzc7bdf6jryshyx28iiwzhwy9yy4r-gnumake-4.4.1",
              "default": true
            },
            {
              "name": "man",
              "path": "/nix/store/j19np241ay4yhr2713ix78qbxgdywnxd-gnumake-4.4.1-man",
              "default": true
            },
            {
              "name": "debug",
              "path": "/nix/store/wqw8qqdbxjq1ryd83qrp8845j31ymdl2-gnumake-4.4.1-debug"
            },
            {
              "name": "info",
              "path": "/nix/store/xw267hlm12127bsj285iqlylgkds9xcz-gnumake-4.4.1-info"
            }
          ],
          "store_path": "/nix/store/m2kxzc7bdf6jryshyx28iiwzhwy9yy4r-gnumake-4.4.1"
        },
        "x86_64-darwin": {
          "outputs": [
            {
              "name": "out",
              "path": "/nix/store/phxnsrf7p9ydqy9rzm1b2hgifj0sq2jf-gnumake-4.4.1",
              "default": true
            },
            {
              "name": "man",
              "path": "/nix/store/4hxywqd01lg9llz89xhpnkvbhs7kviw9-gnumake-4.4.1-man",
              "default": true
            },
            {
              "name": "info",
              "path": "/nix/store/6svs2xnshx2hjl92mhknrw6b1j2fixj6-gnumake-4.4.1-info"
            }
          ],
          "store_path": "/nix/store/phxnsrf7p9ydqy9rzm1b2hgifj0sq2jf-gnumake-4.4.1"
        },
        "x86_64-linux": {
          "outputs": [
            {
              "name": "out",
              "path": "/nix/store/lg5s5rccg0b7kdlz9xmqmz3f2h89knxm-gnumake-4.4.1",
              "default": true
            },
            {
              "name": "man",
              "path": "/nix/store/gxnp20132z46q5imfhcbpqg4s1r57i70-gnumake-4.4.1-man",
              "default": true
            },
            {
              "name": "info",
              "path": "/nix/store/ja4k39ai5qn07i8z397b621cj5gbbswj-gnumake-4.4.1-info"
            },
            {
              "name": "debug",
              "path": "/nix/store/0m3pbrkq6srhqy3lghm5n6xbi60m1dx0-gnumake-4.4.1-debug"
            }
          ],
          "store_path": "/nix/store/lg5s5rccg0b7kdlz9xmqmz3f2h89knxm-gnumake-4.4.1"
        }
      }
    },
    "poetry@latest": {
      "last_modified": "2025-02-12T00:10:52Z",
      "plugin_version": "0.0.4",
      "resolved": "github:NixOS/nixpkgs/83a2581c81ff5b06f7c1a4e7cc736a455dfcf7b4#poetry",
      "source": "devbox-search",
      "version": "2.0.1",
      "systems": {
        "aarch64-darwin": {
          "outputs": [
            {
              "name": "out",
              "path": "/nix/store/lkg375pric4dk6zv3y41whbxlknl4wap-python3.12-poetry-2.0.1",
              "default": true
            },
            {
              "name": "dist",
              "path": "/nix/store/4j5hirisvs7fi93sy6v0s23b6mfsp0r9-python3.12-poetry-2.0.1-dist"
            }
          ],
          "store_path": "/nix/store/lkg375pric4dk6zv3y41whbxlknl4wap-python3.12-poetry-2.0.1"
        },
        "aarch64-linux": {
          "outputs": [
            {
              "name": "out",
              "path": "/nix/store/sj7izm1f5b5cqcl3fyvfzapgdjfxczwm-python3.12-poetry-2.0.1",
              "default": true
            },
            {
              "name": "dist",
              "path": "/nix/store/rrag90s4fyv5p9l9zb91a7im2rqirxz9-python3.12-poetry-2.0.1-dist"
            }
          ],
          "store_path": "/nix/store/sj7izm1f5b5cqcl3fyvfzapgdjfxczwm-python3.12-poetry-2.0.1"
        },
        "x86_64-darwin": {
          "outputs": [
            {
              "name": "out",
              "path": "/nix/store/cx10pq9ld7dabfdld5cww3jwv7r9frj0-python3.12-poetry-2.0.1",
              "default": true
            },
            {
              "name": "dist",
              "path": "/nix/store/09f6nf6wifq67xpa3lyq1cv9c2jyanwb-python3.12-poetry-2.0.1-dist"
            }
          ],
          "store_path": "/nix/store/cx10pq9ld7dabfdld5cww3jwv7r9frj0-python3.12-poetry-2.0.1"
        },
        "x86_64-linux": {
          "outputs": [
            {
              "name": "out",
              "path": "/nix/store/sp5lp24kljy38j05y7wn5iw1y5wj3r7k-python3.12-poetry-2.0.1",
              "default": true
            },
            {
              "name": "dist",
              "path": "/nix/store/92j0i31a6qmp4p8fm6gf4kcfqdk3dk0l-python3.12-poetry-2.0.1-dist"
            }
          ],
          "store_path": "/nix/store/sp5lp24kljy38j05y7wn5iw1y5wj3r7k-python3.12-poetry-2.0.1"
        }
      }
    },
    "python@3.11.11": {
      "last_modified": "2025-02-07T11:26:36Z",
      "plugin_version": "0.0.4",
      "resolved": "github:NixOS/nixpkgs/d98abf5cf5914e5e4e9d57205e3af55ca90ffc1d#python311",
      "source": "devbox-search",
      "version": "3.11.11",
      "systems": {
        "aarch64-darwin": {
          "outputs": [
            {
              "name": "out",
              "path": "/nix/store/p8cd5z09ranvxg3s5yapraag6m4ka4qb-python3-3.11.11",
              "default": true
            }
          ],
          "store_path": "/nix/store/p8cd5z09ranvxg3s5yapraag6m4ka4qb-python3-3.11.11"
        },
        "aarch64-linux": {
          "outputs": [
            {
              "name": "out",
              "path": "/nix/store/i7svvkm9ndrh1kwr4xhkh0df1d78fcjs-python3-3.11.11",
              "default": true
            },
            {
              "name": "debug",
              "path": "/nix/store/gwicdi09hhln3vg650zkgm9c0maci7l1-python3-3.11.11-debug"
            }
          ],
          "store_path": "/nix/store/i7svvkm9ndrh1kwr4xhkh0df1d78fcjs-python3-3.11.11"
        },
        "x86_64-darwin": {
          "outputs": [
            {
              "name": "out",
              "path": "/nix/store/sr93yld4gx5mj6zx9217q11g2hd1nzjl-python3-3.11.11",
              "default": true
            }
          ],
          "store_path": "/nix/store/sr93yld4gx5mj6zx9217q11g2hd1nzjl-python3-3.11.11"
        },
        "x86_64-linux": {
          "outputs": [
            {
              "name": "out",
              "path": "/nix/store/gzl581vkwymk2iys5zz6k1k1zdf03ba1-python3-3.11.11",
              "default": true
            },
            {
              "name": "debug",
              "path": "/nix/store/1jhiyg13j8w45ix39c687csv22shqdss-python3-3.11.11-debug"
            }
          ],
          "store_path": "/nix/store/gzl581vkwymk2iys5zz6k1k1zdf03ba1-python3-3.11.11"
        }
      }
    }
  }
}
